github.com/roidaradal/fn v0.5.3 h1:RoREbKWS+DBDb/rDRL1rHD14H82b/5a/J7HiGXLO4Fo=
github.com/roidaradal/fn v0.5.3/go.mod h1:DFJSkhm8DbM6JcH+TEvTwbtmMbJ+bleFhHowiZ+8oBA=
golang.org/x/sync v0.18.0 h1:kr88TuHDroi+UVf+0hZnirlk8o8T+4MrK6mr60WkH/I=
golang.org/x/sync v0.18.0/go.mod h1:9KTHXmSnoGruLpwFjVSX0lNNA75CykiMECbovNTZqGI=
golang.org/x/text v0.31.0 h1:aC8ghyu4JhP8VojJ2lEHBnochRno1sgL6nEi9WGFGMM=
golang.org/x/text v0.31.0/go.mod h1:tKRAlv61yKIjGGHX/4tP1LTbc13YSec1pxVEWXzfoeM=
